{
  "originHash" : "cd095c5e71620b545b40843a36fca33f5ff28c25dad3344fee7ed5383b9a0435",
  "pins" : [
    {
      "identity" : "swift-syntax",
      "kind" : "remoteSourceControl",
      "location" : "https://github.com/swiftlang/swift-syntax",
      "state" : {
        "branch" : "main",
        "revision" : "d38f4e9257b4123eaf88fa13265b392c462d2d72"
      }
    },
    {
      "identity" : "swift-tagged",
      "kind" : "remoteSourceControl",
      "location" : "https://github.com/pointfreeco/swift-tagged",
      "state" : {
        "branch" : "main",
        "revision" : "6a8517578035408b6c14ccba00ee990a1435515c"
      }
    }
  ],
  "version" : 3
}
