{
  "originHash" : "f8d03d05c25afc85651a8bdc29442716a505f9d51ae1a444588801e43b9a4252",
  "pins" : [
    {
      "identity" : "swift-syntax",
      "kind" : "remoteSourceControl",
      "location" : "https://github.com/swiftlang/swift-syntax",
      "state" : {
        "branch" : "main",
        "revision" : "eda5e2f96546bbe7c6a3a1dbd127f22f1385f0b2"
      }
    },
    {
      "identity" : "swift-tagged",
      "kind" : "remoteSourceControl",
      "location" : "https://github.com/pointfreeco/swift-tagged",
      "state" : {
        "branch" : "main",
        "revision" : "7061233809f745e2ba6c3e8c6f984a8f36257226"
      }
    },
    {
      "identity" : "swift-testing",
      "kind" : "remoteSourceControl",
      "location" : "https://github.com/apple/swift-testing",
      "state" : {
        "branch" : "main",
        "revision" : "72afbb418542654781a6b7853479c7e70a862b6f"
      }
    }
  ],
  "version" : 3
}
