// !$*UTF8*$!
{
	archiveVersion = 1;
	classes = {
	};
	objectVersion = 77;
	objects = {

/* Begin PBXBuildFile section */
		8B05D8FC2CF51C0B003AA19D /* GRDB in Frameworks */ = {isa = PBXBuildFile; productRef = 8B05D8FB2CF51C0B003AA19D /* GRDB */; };
		8B48491C2CF2E63600C67454 /* OPML in Frameworks */ = {isa = PBXBuildFile; productRef = 8B48491B2CF2E63600C67454 /* OPML */; };
/* End PBXBuildFile section */

/* Begin PBXContainerItemProxy section */
		8BD7F9312CF2A49100CEDAA7 /* PBXContainerItemProxy */ = {
			isa = PBXContainerItemProxy;
			containerPortal = 8BD7F9182CF2A49000CEDAA7 /* Project object */;
			proxyType = 1;
			remoteGlobalIDString = 8BD7F91F2CF2A49000CEDAA7;
			remoteInfo = PodHaven;
		};
		8BD7F93B2CF2A49100CEDAA7 /* PBXContainerItemProxy */ = {
			isa = PBXContainerItemProxy;
			containerPortal = 8BD7F9182CF2A49000CEDAA7 /* Project object */;
			proxyType = 1;
			remoteGlobalIDString = 8BD7F91F2CF2A49000CEDAA7;
			remoteInfo = PodHaven;
		};
/* End PBXContainerItemProxy section */

/* Begin PBXFileReference section */
		8BD7F9202CF2A49000CEDAA7 /* PodHaven.app */ = {isa = PBXFileReference; explicitFileType = wrapper.application; includeInIndex = 0; path = PodHaven.app; sourceTree = BUILT_PRODUCTS_DIR; };
		8BD7F9302CF2A49100CEDAA7 /* PodHavenTests.xctest */ = {isa = PBXFileReference; explicitFileType = wrapper.cfbundle; includeInIndex = 0; path = PodHavenTests.xctest; sourceTree = BUILT_PRODUCTS_DIR; };
		8BD7F93A2CF2A49100CEDAA7 /* PodHavenUITests.xctest */ = {isa = PBXFileReference; explicitFileType = wrapper.cfbundle; includeInIndex = 0; path = PodHavenUITests.xctest; sourceTree = BUILT_PRODUCTS_DIR; };
/* End PBXFileReference section */

/* Begin PBXFileSystemSynchronizedRootGroup section */
		8BD7F9222CF2A49000CEDAA7 /* PodHaven */ = {
			isa = PBXFileSystemSynchronizedRootGroup;
			path = PodHaven;
			sourceTree = "<group>";
		};
		8BD7F9332CF2A49100CEDAA7 /* PodHavenTests */ = {
			isa = PBXFileSystemSynchronizedRootGroup;
			path = PodHavenTests;
			sourceTree = "<group>";
		};
		8BD7F93D2CF2A49100CEDAA7 /* PodHavenUITests */ = {
			isa = PBXFileSystemSynchronizedRootGroup;
			path = PodHavenUITests;
			sourceTree = "<group>";
		};
/* End PBXFileSystemSynchronizedRootGroup section */

/* Begin PBXFrameworksBuildPhase section */
		8BD7F91D2CF2A49000CEDAA7 /* Frameworks */ = {
			isa = PBXFrameworksBuildPhase;
			buildActionMask = 2147483647;
			files = (
				8B48491C2CF2E63600C67454 /* OPML in Frameworks */,
				8B05D8FC2CF51C0B003AA19D /* GRDB in Frameworks */,
			);
			runOnlyForDeploymentPostprocessing = 0;
		};
		8BD7F92D2CF2A49100CEDAA7 /* Frameworks */ = {
			isa = PBXFrameworksBuildPhase;
			buildActionMask = 2147483647;
			files = (
			);
			runOnlyForDeploymentPostprocessing = 0;
		};
		8BD7F9372CF2A49100CEDAA7 /* Frameworks */ = {
			isa = PBXFrameworksBuildPhase;
			buildActionMask = 2147483647;
			files = (
			);
			runOnlyForDeploymentPostprocessing = 0;
		};
/* End PBXFrameworksBuildPhase section */

/* Begin PBXGroup section */
		8BD7F9172CF2A49000CEDAA7 = {
			isa = PBXGroup;
			children = (
				8BD7F9222CF2A49000CEDAA7 /* PodHaven */,
				8BD7F9332CF2A49100CEDAA7 /* PodHavenTests */,
				8BD7F93D2CF2A49100CEDAA7 /* PodHavenUITests */,
				8BD7F9212CF2A49000CEDAA7 /* Products */,
			);
			sourceTree = "<group>";
		};
		8BD7F9212CF2A49000CEDAA7 /* Products */ = {
			isa = PBXGroup;
			children = (
				8BD7F9202CF2A49000CEDAA7 /* PodHaven.app */,
				8BD7F9302CF2A49100CEDAA7 /* PodHavenTests.xctest */,
				8BD7F93A2CF2A49100CEDAA7 /* PodHavenUITests.xctest */,
			);
			name = Products;
			sourceTree = "<group>";
		};
/* End PBXGroup section */

/* Begin PBXNativeTarget section */
		8BD7F91F2CF2A49000CEDAA7 /* PodHaven */ = {
			isa = PBXNativeTarget;
			buildConfigurationList = 8BD7F9442CF2A49100CEDAA7 /* Build configuration list for PBXNativeTarget "PodHaven" */;
			buildPhases = (
				8BD7F91C2CF2A49000CEDAA7 /* Sources */,
				8BD7F91D2CF2A49000CEDAA7 /* Frameworks */,
				8BD7F91E2CF2A49000CEDAA7 /* Resources */,
			);
			buildRules = (
			);
			dependencies = (
			);
			fileSystemSynchronizedGroups = (
				8BD7F9222CF2A49000CEDAA7 /* PodHaven */,
			);
			name = PodHaven;
			packageProductDependencies = (
				8B48491B2CF2E63600C67454 /* OPML */,
				8B05D8FB2CF51C0B003AA19D /* GRDB */,
			);
			productName = PodHaven;
			productReference = 8BD7F9202CF2A49000CEDAA7 /* PodHaven.app */;
			productType = "com.apple.product-type.application";
		};
		8BD7F92F2CF2A49100CEDAA7 /* PodHavenTests */ = {
			isa = PBXNativeTarget;
			buildConfigurationList = 8BD7F9472CF2A49100CEDAA7 /* Build configuration list for PBXNativeTarget "PodHavenTests" */;
			buildPhases = (
				8BD7F92C2CF2A49100CEDAA7 /* Sources */,
				8BD7F92D2CF2A49100CEDAA7 /* Frameworks */,
				8BD7F92E2CF2A49100CEDAA7 /* Resources */,
			);
			buildRules = (
			);
			dependencies = (
				8BD7F9322CF2A49100CEDAA7 /* PBXTargetDependency */,
			);
			fileSystemSynchronizedGroups = (
				8BD7F9332CF2A49100CEDAA7 /* PodHavenTests */,
			);
			name = PodHavenTests;
			packageProductDependencies = (
			);
			productName = PodHavenTests;
			productReference = 8BD7F9302CF2A49100CEDAA7 /* PodHavenTests.xctest */;
			productType = "com.apple.product-type.bundle.unit-test";
		};
		8BD7F9392CF2A49100CEDAA7 /* PodHavenUITests */ = {
			isa = PBXNativeTarget;
			buildConfigurationList = 8BD7F94A2CF2A49100CEDAA7 /* Build configuration list for PBXNativeTarget "PodHavenUITests" */;
			buildPhases = (
				8BD7F9362CF2A49100CEDAA7 /* Sources */,
				8BD7F9372CF2A49100CEDAA7 /* Frameworks */,
				8BD7F9382CF2A49100CEDAA7 /* Resources */,
			);
			buildRules = (
			);
			dependencies = (
				8BD7F93C2CF2A49100CEDAA7 /* PBXTargetDependency */,
			);
			fileSystemSynchronizedGroups = (
				8BD7F93D2CF2A49100CEDAA7 /* PodHavenUITests */,
			);
			name = PodHavenUITests;
			packageProductDependencies = (
			);
			productName = PodHavenUITests;
			productReference = 8BD7F93A2CF2A49100CEDAA7 /* PodHavenUITests.xctest */;
			productType = "com.apple.product-type.bundle.ui-testing";
		};
/* End PBXNativeTarget section */

/* Begin PBXProject section */
		8BD7F9182CF2A49000CEDAA7 /* Project object */ = {
			isa = PBXProject;
			attributes = {
				BuildIndependentTargetsInParallel = 1;
				LastSwiftUpdateCheck = 1610;
				LastUpgradeCheck = 1610;
				TargetAttributes = {
					8BD7F91F2CF2A49000CEDAA7 = {
						CreatedOnToolsVersion = 16.1;
					};
					8BD7F92F2CF2A49100CEDAA7 = {
						CreatedOnToolsVersion = 16.1;
						TestTargetID = 8BD7F91F2CF2A49000CEDAA7;
					};
					8BD7F9392CF2A49100CEDAA7 = {
						CreatedOnToolsVersion = 16.1;
						TestTargetID = 8BD7F91F2CF2A49000CEDAA7;
					};
				};
			};
			buildConfigurationList = 8BD7F91B2CF2A49000CEDAA7 /* Build configuration list for PBXProject "PodHaven" */;
			developmentRegion = en;
			hasScannedForEncodings = 0;
			knownRegions = (
				en,
				Base,
			);
			mainGroup = 8BD7F9172CF2A49000CEDAA7;
			minimizedProjectReferenceProxies = 1;
			packageReferences = (
				8B81F4622CF2E5E600410163 /* XCRemoteSwiftPackageReference "opml" */,
				8BD0CF382CF51BD900BD9236 /* XCRemoteSwiftPackageReference "GRDB" */,
			);
			preferredProjectObjectVersion = 77;
			productRefGroup = 8BD7F9212CF2A49000CEDAA7 /* Products */;
			projectDirPath = "";
			projectRoot = "";
			targets = (
				8BD7F91F2CF2A49000CEDAA7 /* PodHaven */,
				8BD7F92F2CF2A49100CEDAA7 /* PodHavenTests */,
				8BD7F9392CF2A49100CEDAA7 /* PodHavenUITests */,
			);
		};
/* End PBXProject section */

/* Begin PBXResourcesBuildPhase section */
		8BD7F91E2CF2A49000CEDAA7 /* Resources */ = {
			isa = PBXResourcesBuildPhase;
			buildActionMask = 2147483647;
			files = (
			);
			runOnlyForDeploymentPostprocessing = 0;
		};
		8BD7F92E2CF2A49100CEDAA7 /* Resources */ = {
			isa = PBXResourcesBuildPhase;
			buildActionMask = 2147483647;
			files = (
			);
			runOnlyForDeploymentPostprocessing = 0;
		};
		8BD7F9382CF2A49100CEDAA7 /* Resources */ = {
			isa = PBXResourcesBuildPhase;
			buildActionMask = 2147483647;
			files = (
			);
			runOnlyForDeploymentPostprocessing = 0;
		};
/* End PBXResourcesBuildPhase section */

/* Begin PBXSourcesBuildPhase section */
		8BD7F91C2CF2A49000CEDAA7 /* Sources */ = {
			isa = PBXSourcesBuildPhase;
			buildActionMask = 2147483647;
			files = (
			);
			runOnlyForDeploymentPostprocessing = 0;
		};
		8BD7F92C2CF2A49100CEDAA7 /* Sources */ = {
			isa = PBXSourcesBuildPhase;
			buildActionMask = 2147483647;
			files = (
			);
			runOnlyForDeploymentPostprocessing = 0;
		};
		8BD7F9362CF2A49100CEDAA7 /* Sources */ = {
			isa = PBXSourcesBuildPhase;
			buildActionMask = 2147483647;
			files = (
			);
			runOnlyForDeploymentPostprocessing = 0;
		};
/* End PBXSourcesBuildPhase section */

/* Begin PBXTargetDependency section */
		8BD7F9322CF2A49100CEDAA7 /* PBXTargetDependency */ = {
			isa = PBXTargetDependency;
			target = 8BD7F91F2CF2A49000CEDAA7 /* PodHaven */;
			targetProxy = 8BD7F9312CF2A49100CEDAA7 /* PBXContainerItemProxy */;
		};
		8BD7F93C2CF2A49100CEDAA7 /* PBXTargetDependency */ = {
			isa = PBXTargetDependency;
			target = 8BD7F91F2CF2A49000CEDAA7 /* PodHaven */;
			targetProxy = 8BD7F93B2CF2A49100CEDAA7 /* PBXContainerItemProxy */;
		};
/* End PBXTargetDependency section */

/* Begin XCBuildConfiguration section */
		8BD7F9422CF2A49100CEDAA7 /* Debug */ = {
			isa = XCBuildConfiguration;
			buildSettings = {
				ALWAYS_SEARCH_USER_PATHS = NO;
				ASSETCATALOG_COMPILER_GENERATE_SWIFT_ASSET_SYMBOL_EXTENSIONS = YES;
				CLANG_ANALYZER_NONNULL = YES;
				CLANG_ANALYZER_NUMBER_OBJECT_CONVERSION = YES_AGGRESSIVE;
				CLANG_CXX_LANGUAGE_STANDARD = "gnu++20";
				CLANG_ENABLE_MODULES = YES;
				CLANG_ENABLE_OBJC_ARC = YES;
				CLANG_ENABLE_OBJC_WEAK = YES;
				CLANG_WARN_BLOCK_CAPTURE_AUTORELEASING = YES;
				CLANG_WARN_BOOL_CONVERSION = YES;
				CLANG_WARN_COMMA = YES;
				CLANG_WARN_CONSTANT_CONVERSION = YES;
				CLANG_WARN_DEPRECATED_OBJC_IMPLEMENTATIONS = YES;
				CLANG_WARN_DIRECT_OBJC_ISA_USAGE = YES_ERROR;
				CLANG_WARN_DOCUMENTATION_COMMENTS = YES;
				CLANG_WARN_EMPTY_BODY = YES;
				CLANG_WARN_ENUM_CONVERSION = YES;
				CLANG_WARN_INFINITE_RECURSION = YES;
				CLANG_WARN_INT_CONVERSION = YES;
				CLANG_WARN_NON_LITERAL_NULL_CONVERSION = YES;
				CLANG_WARN_OBJC_IMPLICIT_RETAIN_SELF = YES;
				CLANG_WARN_OBJC_LITERAL_CONVERSION = YES;
				CLANG_WARN_OBJC_ROOT_CLASS = YES_ERROR;
				CLANG_WARN_QUOTED_INCLUDE_IN_FRAMEWORK_HEADER = YES;
				CLANG_WARN_RANGE_LOOP_ANALYSIS = YES;
				CLANG_WARN_STRICT_PROTOTYPES = YES;
				CLANG_WARN_SUSPICIOUS_MOVE = YES;
				CLANG_WARN_UNGUARDED_AVAILABILITY = YES_AGGRESSIVE;
				CLANG_WARN_UNREACHABLE_CODE = YES;
				CLANG_WARN__DUPLICATE_METHOD_MATCH = YES;
				COPY_PHASE_STRIP = NO;
				DEBUG_INFORMATION_FORMAT = dwarf;
				ENABLE_STRICT_OBJC_MSGSEND = YES;
				ENABLE_TESTABILITY = YES;
				ENABLE_USER_SCRIPT_SANDBOXING = YES;
				GCC_C_LANGUAGE_STANDARD = gnu17;
				GCC_DYNAMIC_NO_PIC = NO;
				GCC_NO_COMMON_BLOCKS = YES;
				GCC_OPTIMIZATION_LEVEL = 0;
				GCC_PREPROCESSOR_DEFINITIONS = (
					"DEBUG=1",
					"$(inherited)",
				);
				GCC_WARN_64_TO_32_BIT_CONVERSION = YES;
				GCC_WARN_ABOUT_RETURN_TYPE = YES_ERROR;
				GCC_WARN_UNDECLARED_SELECTOR = YES;
				GCC_WARN_UNINITIALIZED_AUTOS = YES_AGGRESSIVE;
				GCC_WARN_UNUSED_FUNCTION = YES;
				GCC_WARN_UNUSED_VARIABLE = YES;
				IPHONEOS_DEPLOYMENT_TARGET = 18.1;
				LOCALIZATION_PREFERS_STRING_CATALOGS = YES;
				MTL_ENABLE_DEBUG_INFO = INCLUDE_SOURCE;
				MTL_FAST_MATH = YES;
				ONLY_ACTIVE_ARCH = YES;
				SDKROOT = iphoneos;
				SWIFT_ACTIVE_COMPILATION_CONDITIONS = "DEBUG $(inherited)";
				SWIFT_OPTIMIZATION_LEVEL = "-Onone";
			};
			name = Debug;
		};
		8BD7F9432CF2A49100CEDAA7 /* Release */ = {
			isa = XCBuildConfiguration;
			buildSettings = {
				ALWAYS_SEARCH_USER_PATHS = NO;
				ASSETCATALOG_COMPILER_GENERATE_SWIFT_ASSET_SYMBOL_EXTENSIONS = YES;
				CLANG_ANALYZER_NONNULL = YES;
				CLANG_ANALYZER_NUMBER_OBJECT_CONVERSION = YES_AGGRESSIVE;
				CLANG_CXX_LANGUAGE_STANDARD = "gnu++20";
				CLANG_ENABLE_MODULES = YES;
				CLANG_ENABLE_OBJC_ARC = YES;
				CLANG_ENABLE_OBJC_WEAK = YES;
				CLANG_WARN_BLOCK_CAPTURE_AUTORELEASING = YES;
				CLANG_WARN_BOOL_CONVERSION = YES;
				CLANG_WARN_COMMA = YES;
				CLANG_WARN_CONSTANT_CONVERSION = YES;
				CLANG_WARN_DEPRECATED_OBJC_IMPLEMENTATIONS = YES;
				CLANG_WARN_DIRECT_OBJC_ISA_USAGE = YES_ERROR;
				CLANG_WARN_DOCUMENTATION_COMMENTS = YES;
				CLANG_WARN_EMPTY_BODY = YES;
				CLANG_WARN_ENUM_CONVERSION = YES;
				CLANG_WARN_INFINITE_RECURSION = YES;
				CLANG_WARN_INT_CONVERSION = YES;
				CLANG_WARN_NON_LITERAL_NULL_CONVERSION = YES;
				CLANG_WARN_OBJC_IMPLICIT_RETAIN_SELF = YES;
				CLANG_WARN_OBJC_LITERAL_CONVERSION = YES;
				CLANG_WARN_OBJC_ROOT_CLASS = YES_ERROR;
				CLANG_WARN_QUOTED_INCLUDE_IN_FRAMEWORK_HEADER = YES;
				CLANG_WARN_RANGE_LOOP_ANALYSIS = YES;
				CLANG_WARN_STRICT_PROTOTYPES = YES;
				CLANG_WARN_SUSPICIOUS_MOVE = YES;
				CLANG_WARN_UNGUARDED_AVAILABILITY = YES_AGGRESSIVE;
				CLANG_WARN_UNREACHABLE_CODE = YES;
				CLANG_WARN__DUPLICATE_METHOD_MATCH = YES;
				COPY_PHASE_STRIP = NO;
				DEBUG_INFORMATION_FORMAT = "dwarf-with-dsym";
				ENABLE_NS_ASSERTIONS = NO;
				ENABLE_STRICT_OBJC_MSGSEND = YES;
				ENABLE_USER_SCRIPT_SANDBOXING = YES;
				GCC_C_LANGUAGE_STANDARD = gnu17;
				GCC_NO_COMMON_BLOCKS = YES;
				GCC_WARN_64_TO_32_BIT_CONVERSION = YES;
				GCC_WARN_ABOUT_RETURN_TYPE = YES_ERROR;
				GCC_WARN_UNDECLARED_SELECTOR = YES;
				GCC_WARN_UNINITIALIZED_AUTOS = YES_AGGRESSIVE;
				GCC_WARN_UNUSED_FUNCTION = YES;
				GCC_WARN_UNUSED_VARIABLE = YES;
				IPHONEOS_DEPLOYMENT_TARGET = 18.1;
				LOCALIZATION_PREFERS_STRING_CATALOGS = YES;
				MTL_ENABLE_DEBUG_INFO = NO;
				MTL_FAST_MATH = YES;
				SDKROOT = iphoneos;
				SWIFT_COMPILATION_MODE = wholemodule;
				VALIDATE_PRODUCT = YES;
			};
			name = Release;
		};
		8BD7F9452CF2A49100CEDAA7 /* Debug */ = {
			isa = XCBuildConfiguration;
			buildSettings = {
				ASSETCATALOG_COMPILER_APPICON_NAME = AppIcon;
				ASSETCATALOG_COMPILER_GLOBAL_ACCENT_COLOR_NAME = AccentColor;
				CODE_SIGN_STYLE = Automatic;
				CURRENT_PROJECT_VERSION = 1;
				DEVELOPMENT_ASSET_PATHS = "\"PodHaven/Preview Content\"";
				DEVELOPMENT_TEAM = 34TKMKM889;
				ENABLE_PREVIEWS = YES;
				GENERATE_INFOPLIST_FILE = YES;
				INFOPLIST_KEY_UIApplicationSceneManifest_Generation = YES;
				INFOPLIST_KEY_UIApplicationSupportsIndirectInputEvents = YES;
				INFOPLIST_KEY_UILaunchScreen_Generation = YES;
				INFOPLIST_KEY_UISupportedInterfaceOrientations_iPad = "UIInterfaceOrientationPortrait UIInterfaceOrientationPortraitUpsideDown UIInterfaceOrientationLandscapeLeft UIInterfaceOrientationLandscapeRight";
				INFOPLIST_KEY_UISupportedInterfaceOrientations_iPhone = "UIInterfaceOrientationPortrait UIInterfaceOrientationLandscapeLeft UIInterfaceOrientationLandscapeRight";
				LD_RUNPATH_SEARCH_PATHS = (
					"$(inherited)",
					"@executable_path/Frameworks",
				);
				MARKETING_VERSION = 1.0;
				PRODUCT_BUNDLE_IDENTIFIER = com.artisanalsoftware.PodHaven;
				PRODUCT_NAME = "$(TARGET_NAME)";
				SWIFT_EMIT_LOC_STRINGS = YES;
				SWIFT_VERSION = 5.0;
				TARGETED_DEVICE_FAMILY = "1,2";
			};
			name = Debug;
		};
		8BD7F9462CF2A49100CEDAA7 /* Release */ = {
			isa = XCBuildConfiguration;
			buildSettings = {
				ASSETCATALOG_COMPILER_APPICON_NAME = AppIcon;
				ASSETCATALOG_COMPILER_GLOBAL_ACCENT_COLOR_NAME = AccentColor;
				CODE_SIGN_STYLE = Automatic;
				CURRENT_PROJECT_VERSION = 1;
				DEVELOPMENT_ASSET_PATHS = "\"PodHaven/Preview Content\"";
				DEVELOPMENT_TEAM = 34TKMKM889;
				ENABLE_PREVIEWS = YES;
				GENERATE_INFOPLIST_FILE = YES;
				INFOPLIST_KEY_UIApplicationSceneManifest_Generation = YES;
				INFOPLIST_KEY_UIApplicationSupportsIndirectInputEvents = YES;
				INFOPLIST_KEY_UILaunchScreen_Generation = YES;
				INFOPLIST_KEY_UISupportedInterfaceOrientations_iPad = "UIInterfaceOrientationPortrait UIInterfaceOrientationPortraitUpsideDown UIInterfaceOrientationLandscapeLeft UIInterfaceOrientationLandscapeRight";
				INFOPLIST_KEY_UISupportedInterfaceOrientations_iPhone = "UIInterfaceOrientationPortrait UIInterfaceOrientationLandscapeLeft UIInterfaceOrientationLandscapeRight";
				LD_RUNPATH_SEARCH_PATHS = (
					"$(inherited)",
					"@executable_path/Frameworks",
				);
				MARKETING_VERSION = 1.0;
				PRODUCT_BUNDLE_IDENTIFIER = com.artisanalsoftware.PodHaven;
				PRODUCT_NAME = "$(TARGET_NAME)";
				SWIFT_EMIT_LOC_STRINGS = YES;
				SWIFT_VERSION = 5.0;
				TARGETED_DEVICE_FAMILY = "1,2";
			};
			name = Release;
		};
		8BD7F9482CF2A49100CEDAA7 /* Debug */ = {
			isa = XCBuildConfiguration;
			buildSettings = {
				BUNDLE_LOADER = "$(TEST_HOST)";
				CODE_SIGN_STYLE = Automatic;
				CURRENT_PROJECT_VERSION = 1;
				DEVELOPMENT_TEAM = 34TKMKM889;
				GENERATE_INFOPLIST_FILE = YES;
				IPHONEOS_DEPLOYMENT_TARGET = 18.1;
				MARKETING_VERSION = 1.0;
				PRODUCT_BUNDLE_IDENTIFIER = com.artisanalsoftware.PodHavenTests;
				PRODUCT_NAME = "$(TARGET_NAME)";
				SWIFT_EMIT_LOC_STRINGS = NO;
				SWIFT_VERSION = 5.0;
				TARGETED_DEVICE_FAMILY = "1,2";
				TEST_HOST = "$(BUILT_PRODUCTS_DIR)/PodHaven.app/$(BUNDLE_EXECUTABLE_FOLDER_PATH)/PodHaven";
			};
			name = Debug;
		};
		8BD7F9492CF2A49100CEDAA7 /* Release */ = {
			isa = XCBuildConfiguration;
			buildSettings = {
				BUNDLE_LOADER = "$(TEST_HOST)";
				CODE_SIGN_STYLE = Automatic;
				CURRENT_PROJECT_VERSION = 1;
				DEVELOPMENT_TEAM = 34TKMKM889;
				GENERATE_INFOPLIST_FILE = YES;
				IPHONEOS_DEPLOYMENT_TARGET = 18.1;
				MARKETING_VERSION = 1.0;
				PRODUCT_BUNDLE_IDENTIFIER = com.artisanalsoftware.PodHavenTests;
				PRODUCT_NAME = "$(TARGET_NAME)";
				SWIFT_EMIT_LOC_STRINGS = NO;
				SWIFT_VERSION = 5.0;
				TARGETED_DEVICE_FAMILY = "1,2";
				TEST_HOST = "$(BUILT_PRODUCTS_DIR)/PodHaven.app/$(BUNDLE_EXECUTABLE_FOLDER_PATH)/PodHaven";
			};
			name = Release;
		};
		8BD7F94B2CF2A49100CEDAA7 /* Debug */ = {
			isa = XCBuildConfiguration;
			buildSettings = {
				CODE_SIGN_STYLE = Automatic;
				CURRENT_PROJECT_VERSION = 1;
				DEVELOPMENT_TEAM = 34TKMKM889;
				GENERATE_INFOPLIST_FILE = YES;
				MARKETING_VERSION = 1.0;
				PRODUCT_BUNDLE_IDENTIFIER = com.artisanalsoftware.PodHavenUITests;
				PRODUCT_NAME = "$(TARGET_NAME)";
				SWIFT_EMIT_LOC_STRINGS = NO;
				SWIFT_VERSION = 5.0;
				TARGETED_DEVICE_FAMILY = "1,2";
				TEST_TARGET_NAME = PodHaven;
			};
			name = Debug;
		};
		8BD7F94C2CF2A49100CEDAA7 /* Release */ = {
			isa = XCBuildConfiguration;
			buildSettings = {
				CODE_SIGN_STYLE = Automatic;
				CURRENT_PROJECT_VERSION = 1;
				DEVELOPMENT_TEAM = 34TKMKM889;
				GENERATE_INFOPLIST_FILE = YES;
				MARKETING_VERSION = 1.0;
				PRODUCT_BUNDLE_IDENTIFIER = com.artisanalsoftware.PodHavenUITests;
				PRODUCT_NAME = "$(TARGET_NAME)";
				SWIFT_EMIT_LOC_STRINGS = NO;
				SWIFT_VERSION = 5.0;
				TARGETED_DEVICE_FAMILY = "1,2";
				TEST_TARGET_NAME = PodHaven;
			};
			name = Release;
		};
/* End XCBuildConfiguration section */

/* Begin XCConfigurationList section */
		8BD7F91B2CF2A49000CEDAA7 /* Build configuration list for PBXProject "PodHaven" */ = {
			isa = XCConfigurationList;
			buildConfigurations = (
				8BD7F9422CF2A49100CEDAA7 /* Debug */,
				8BD7F9432CF2A49100CEDAA7 /* Release */,
			);
			defaultConfigurationIsVisible = 0;
			defaultConfigurationName = Release;
		};
		8BD7F9442CF2A49100CEDAA7 /* Build configuration list for PBXNativeTarget "PodHaven" */ = {
			isa = XCConfigurationList;
			buildConfigurations = (
				8BD7F9452CF2A49100CEDAA7 /* Debug */,
				8BD7F9462CF2A49100CEDAA7 /* Release */,
			);
			defaultConfigurationIsVisible = 0;
			defaultConfigurationName = Release;
		};
		8BD7F9472CF2A49100CEDAA7 /* Build configuration list for PBXNativeTarget "PodHavenTests" */ = {
			isa = XCConfigurationList;
			buildConfigurations = (
				8BD7F9482CF2A49100CEDAA7 /* Debug */,
				8BD7F9492CF2A49100CEDAA7 /* Release */,
			);
			defaultConfigurationIsVisible = 0;
			defaultConfigurationName = Release;
		};
		8BD7F94A2CF2A49100CEDAA7 /* Build configuration list for PBXNativeTarget "PodHavenUITests" */ = {
			isa = XCConfigurationList;
			buildConfigurations = (
				8BD7F94B2CF2A49100CEDAA7 /* Debug */,
				8BD7F94C2CF2A49100CEDAA7 /* Release */,
			);
			defaultConfigurationIsVisible = 0;
			defaultConfigurationName = Release;
		};
/* End XCConfigurationList section */

/* Begin XCRemoteSwiftPackageReference section */
		8B81F4622CF2E5E600410163 /* XCRemoteSwiftPackageReference "opml" */ = {
			isa = XCRemoteSwiftPackageReference;
			repositoryURL = "https://github.com/pixel-foundry/opml";
			requirement = {
				branch = master;
				kind = branch;
			};
		};
		8BD0CF382CF51BD900BD9236 /* XCRemoteSwiftPackageReference "GRDB" */ = {
			isa = XCRemoteSwiftPackageReference;
			repositoryURL = "https://github.com/groue/GRDB.swift";
			requirement = {
				branch = master;
				kind = branch;
			};
		};
/* End XCRemoteSwiftPackageReference section */

/* Begin XCSwiftPackageProductDependency section */
		8B05D8FB2CF51C0B003AA19D /* GRDB */ = {
			isa = XCSwiftPackageProductDependency;
			package = 8BD0CF382CF51BD900BD9236 /* XCRemoteSwiftPackageReference "GRDB" */;
			productName = GRDB;
		};
		8B48491B2CF2E63600C67454 /* OPML */ = {
			isa = XCSwiftPackageProductDependency;
			package = 8B81F4622CF2E5E600410163 /* XCRemoteSwiftPackageReference "opml" */;
			productName = OPML;
		};
/* End XCSwiftPackageProductDependency section */
	};
	rootObject = 8BD7F9182CF2A49000CEDAA7 /* Project object */;
}
