// !$*UTF8*$!
{
	archiveVersion = 1;
	classes = {
	};
	objectVersion = 77;
	objects = {

/* Begin PBXBuildFile section */
		78467F52904B4485ACAE3505 /* Sentry in Frameworks */ = {isa = PBXBuildFile; productRef = 49CAAA44B9304A9F8C8FEEC8 /* Sentry */; };
		8B05D8FC2CF51C0B003AA19D /* GRDB in Frameworks */ = {isa = PBXBuildFile; productRef = 8B05D8FB2CF51C0B003AA19D /* GRDB */; };
		8B14BBE32D0CB37A0007E89B /* IdentifiedCollections in Frameworks */ = {isa = PBXBuildFile; productRef = 8B14BBE22D0CB37A0007E89B /* IdentifiedCollections */; };
		8B2510DB2D3317840033A510 /* Factory in Frameworks */ = {isa = PBXBuildFile; productRef = 8B2510DA2D3317840033A510 /* Factory */; };
		8B2AC03D2D25D2F700DB7FE5 /* XMLCoder in Frameworks */ = {isa = PBXBuildFile; productRef = 8B2AC03C2D25D2F700DB7FE5 /* XMLCoder */; };
		8B2AC0472D25D77900DB7FE5 /* XMLCoder in Frameworks */ = {isa = PBXBuildFile; productRef = 8B2AC0462D25D77900DB7FE5 /* XMLCoder */; };
		8B7DAA1E2D3F1294000E9153 /* Tagged in Frameworks */ = {isa = PBXBuildFile; productRef = 8B7DAA1D2D3F1294000E9153 /* Tagged */; };
		8B8475CA2DC0B87200C6C2A5 /* XMLCoder in Frameworks */ = {isa = PBXBuildFile; productRef = 8B8475C62DC0B87200C6C2A5 /* XMLCoder */; };
		8B8475CB2DC0B87200C6C2A5 /* (null) in Frameworks */ = {isa = PBXBuildFile; };
		8B84776B2DC167A200C6C2A5 /* Sharing in Frameworks */ = {isa = PBXBuildFile; productRef = 8B84776A2DC167A200C6C2A5 /* Sharing */; };
		8B8477722DC29E9900C6C2A5 /* ErrorKit in Frameworks */ = {isa = PBXBuildFile; productRef = 8B8477712DC29E9900C6C2A5 /* ErrorKit */; };
		8B9E8DEF2D01722E00742C6C /* Nuke in Frameworks */ = {isa = PBXBuildFile; productRef = 8B9E8DEE2D01722E00742C6C /* Nuke */; };
		8B9E8DF12D01722E00742C6C /* NukeUI in Frameworks */ = {isa = PBXBuildFile; productRef = 8B9E8DF02D01722E00742C6C /* NukeUI */; };
		8BD0C2352CF5A01C00B7DC07 /* OrderedCollections in Frameworks */ = {isa = PBXBuildFile; productRef = 8BD0C2342CF5A01C00B7DC07 /* OrderedCollections */; };
		8BE319E92D0E22D8009F48C9 /* Semaphore in Frameworks */ = {isa = PBXBuildFile; productRef = 8BE319E82D0E22D8009F48C9 /* Semaphore */; };
		8BE319EA2D0E575C009F48C9 /* (null) in Frameworks */ = {isa = PBXBuildFile; };
/* End PBXBuildFile section */

/* Begin PBXContainerItemProxy section */
		8B8475C52DC0B87200C6C2A5 /* PBXContainerItemProxy */ = {
			isa = PBXContainerItemProxy;
			containerPortal = 8BD7F9182CF2A49000CEDAA7 /* Project object */;
			proxyType = 1;
			remoteGlobalIDString = 8BD7F91F2CF2A49000CEDAA7;
			remoteInfo = PodHaven;
		};
		8BD7F9312CF2A49100CEDAA7 /* PBXContainerItemProxy */ = {
			isa = PBXContainerItemProxy;
			containerPortal = 8BD7F9182CF2A49000CEDAA7 /* Project object */;
			proxyType = 1;
			remoteGlobalIDString = 8BD7F91F2CF2A49000CEDAA7;
			remoteInfo = PodHaven;
		};
/* End PBXContainerItemProxy section */

/* Begin PBXFileReference section */
		8B8475D02DC0B87200C6C2A5 /* SerialTests.xctest */ = {isa = PBXFileReference; explicitFileType = wrapper.cfbundle; includeInIndex = 0; path = SerialTests.xctest; sourceTree = BUILT_PRODUCTS_DIR; };
		8BD0C2362CF638C700B7DC07 /* PodHaven.xctestplan */ = {isa = PBXFileReference; lastKnownFileType = text; path = PodHaven.xctestplan; sourceTree = "<group>"; };
		8BD7F9202CF2A49000CEDAA7 /* PodHaven.app */ = {isa = PBXFileReference; explicitFileType = wrapper.application; includeInIndex = 0; path = PodHaven.app; sourceTree = BUILT_PRODUCTS_DIR; };
		8BD7F9302CF2A49100CEDAA7 /* ParallelTests.xctest */ = {isa = PBXFileReference; explicitFileType = wrapper.cfbundle; includeInIndex = 0; path = ParallelTests.xctest; sourceTree = BUILT_PRODUCTS_DIR; };
/* End PBXFileReference section */

/* Begin PBXFileSystemSynchronizedBuildFileExceptionSet section */
		8B8475D12DC0B87200C6C2A5 /* Exceptions for "PodHavenTests" folder in "SerialTests" target */ = {
			isa = PBXFileSystemSynchronizedBuildFileExceptionSet;
			membershipExceptions = (
				DownloadManagerTests.swift,
				EpisodeTests.swift,
				Extensions/DownloadManager.swift,
				Extensions/FeedManager.swift,
				Extensions/String.swift,
				Extensions/URL.swift,
				FeedManagerTests.swift,
				HTMLRegexTests.swift,
				Mocks/DataFetchableMock.swift,
				ObservatoryTests.swift,
				PodcastFeedTests.swift,
				PodcastOPMLTests.swift,
				PodcastRSSTests.swift,
				PodcastTests.swift,
				QueueTests.swift,
				RefreshManagerTests.swift,
				SearchServiceTests.swift,
				Utility/Counter.swift,
				Utility/TestHelpers.swift,
			);
			target = 8B8475C32DC0B87200C6C2A5 /* SerialTests */;
		};
		8B8475D32DC0B88E00C6C2A5 /* Exceptions for "PodHavenTests" folder in "ParallelTests" target */ = {
			isa = PBXFileSystemSynchronizedBuildFileExceptionSet;
			membershipExceptions = (
				PlayManagerTests.swift,
			);
			target = 8BD7F92F2CF2A49100CEDAA7 /* ParallelTests */;
		};
		8BCAF0922D07E231002F069D /* Exceptions for "PodHaven" folder in "PodHaven" target */ = {
			isa = PBXFileSystemSynchronizedBuildFileExceptionSet;
			membershipExceptions = (
				Info.plist,
			);
			target = 8BD7F91F2CF2A49000CEDAA7 /* PodHaven */;
		};
/* End PBXFileSystemSynchronizedBuildFileExceptionSet section */

/* Begin PBXFileSystemSynchronizedRootGroup section */
		8BD7F9222CF2A49000CEDAA7 /* PodHaven */ = {
			isa = PBXFileSystemSynchronizedRootGroup;
			exceptions = (
				8BCAF0922D07E231002F069D /* Exceptions for "PodHaven" folder in "PodHaven" target */,
			);
			path = PodHaven;
			sourceTree = "<group>";
		};
		8BD7F9332CF2A49100CEDAA7 /* PodHavenTests */ = {
			isa = PBXFileSystemSynchronizedRootGroup;
			exceptions = (
				8B8475D32DC0B88E00C6C2A5 /* Exceptions for "PodHavenTests" folder in "ParallelTests" target */,
				8B8475D12DC0B87200C6C2A5 /* Exceptions for "PodHavenTests" folder in "SerialTests" target */,
			);
			path = PodHavenTests;
			sourceTree = "<group>";
		};
/* End PBXFileSystemSynchronizedRootGroup section */

/* Begin PBXFrameworksBuildPhase section */
		8B8475C92DC0B87200C6C2A5 /* Frameworks */ = {
			isa = PBXFrameworksBuildPhase;
			buildActionMask = 2147483647;
			files = (
				8B8475CA2DC0B87200C6C2A5 /* XMLCoder in Frameworks */,
				8B8475CB2DC0B87200C6C2A5 /* (null) in Frameworks */,
			);
			runOnlyForDeploymentPostprocessing = 0;
		};
		8BD7F91D2CF2A49000CEDAA7 /* Frameworks */ = {
			isa = PBXFrameworksBuildPhase;
			buildActionMask = 2147483647;
			files = (
				8B7DAA1E2D3F1294000E9153 /* Tagged in Frameworks */,
				8B05D8FC2CF51C0B003AA19D /* GRDB in Frameworks */,
				8B2AC03D2D25D2F700DB7FE5 /* XMLCoder in Frameworks */,
				8BD0C2352CF5A01C00B7DC07 /* OrderedCollections in Frameworks */,
				8B9E8DF12D01722E00742C6C /* NukeUI in Frameworks */,
				8B14BBE32D0CB37A0007E89B /* IdentifiedCollections in Frameworks */,
				8B8477722DC29E9900C6C2A5 /* ErrorKit in Frameworks */,
				8BE319E92D0E22D8009F48C9 /* Semaphore in Frameworks */,
				8B2510DB2D3317840033A510 /* Factory in Frameworks */,
				8B9E8DEF2D01722E00742C6C /* Nuke in Frameworks */,
				8B84776B2DC167A200C6C2A5 /* Sharing in Frameworks */,
				78467F52904B4485ACAE3505 /* Sentry in Frameworks */,
			);
			runOnlyForDeploymentPostprocessing = 0;
		};
		8BD7F92D2CF2A49100CEDAA7 /* Frameworks */ = {
			isa = PBXFrameworksBuildPhase;
			buildActionMask = 2147483647;
			files = (
				8B2AC0472D25D77900DB7FE5 /* XMLCoder in Frameworks */,
				8BE319EA2D0E575C009F48C9 /* (null) in Frameworks */,
			);
			runOnlyForDeploymentPostprocessing = 0;
		};
/* End PBXFrameworksBuildPhase section */

/* Begin PBXGroup section */
		8BD7F9172CF2A49000CEDAA7 = {
			isa = PBXGroup;
			children = (
				8BD0C2362CF638C700B7DC07 /* PodHaven.xctestplan */,
				8BD7F9222CF2A49000CEDAA7 /* PodHaven */,
				8BD7F9332CF2A49100CEDAA7 /* PodHavenTests */,
				8BD7F9212CF2A49000CEDAA7 /* Products */,
			);
			sourceTree = "<group>";
		};
		8BD7F9212CF2A49000CEDAA7 /* Products */ = {
			isa = PBXGroup;
			children = (
				8BD7F9202CF2A49000CEDAA7 /* PodHaven.app */,
				8BD7F9302CF2A49100CEDAA7 /* ParallelTests.xctest */,
				8B8475D02DC0B87200C6C2A5 /* SerialTests.xctest */,
			);
			name = Products;
			sourceTree = "<group>";
		};
/* End PBXGroup section */

/* Begin PBXNativeTarget section */
		8B8475C32DC0B87200C6C2A5 /* SerialTests */ = {
			isa = PBXNativeTarget;
			buildConfigurationList = 8B8475CD2DC0B87200C6C2A5 /* Build configuration list for PBXNativeTarget "SerialTests" */;
			buildPhases = (
				8B8475C82DC0B87200C6C2A5 /* Sources */,
				8B8475C92DC0B87200C6C2A5 /* Frameworks */,
				8B8475CC2DC0B87200C6C2A5 /* Resources */,
			);
			buildRules = (
			);
			dependencies = (
				8B8475C42DC0B87200C6C2A5 /* PBXTargetDependency */,
			);
			fileSystemSynchronizedGroups = (
				8BD7F9332CF2A49100CEDAA7 /* PodHavenTests */,
			);
			name = SerialTests;
			packageProductDependencies = (
				8B8475C62DC0B87200C6C2A5 /* XMLCoder */,
			);
			productName = PodHavenTests;
			productReference = 8B8475D02DC0B87200C6C2A5 /* SerialTests.xctest */;
			productType = "com.apple.product-type.bundle.unit-test";
		};
		8BD7F91F2CF2A49000CEDAA7 /* PodHaven */ = {
			isa = PBXNativeTarget;
			buildConfigurationList = 8BD7F9442CF2A49100CEDAA7 /* Build configuration list for PBXNativeTarget "PodHaven" */;
			buildPhases = (
				8BD7F91C2CF2A49000CEDAA7 /* Sources */,
				8BD7F91D2CF2A49000CEDAA7 /* Frameworks */,
				8BD7F91E2CF2A49000CEDAA7 /* Resources */,
				39E22D98602E4E34B0A8541B /* Upload Debug Symbols to Sentry */,
			);
			buildRules = (
			);
			dependencies = (
			);
			fileSystemSynchronizedGroups = (
				8BD7F9222CF2A49000CEDAA7 /* PodHaven */,
			);
			name = PodHaven;
			packageProductDependencies = (
				8B05D8FB2CF51C0B003AA19D /* GRDB */,
				8BD0C2342CF5A01C00B7DC07 /* OrderedCollections */,
				8B9E8DEE2D01722E00742C6C /* Nuke */,
				8B9E8DF02D01722E00742C6C /* NukeUI */,
				8B14BBE22D0CB37A0007E89B /* IdentifiedCollections */,
				8BE319E82D0E22D8009F48C9 /* Semaphore */,
				49CAAA44B9304A9F8C8FEEC8 /* Sentry */,
				8B2AC03C2D25D2F700DB7FE5 /* XMLCoder */,
				8B2510DA2D3317840033A510 /* Factory */,
				8B7DAA1D2D3F1294000E9153 /* Tagged */,
				8B84776A2DC167A200C6C2A5 /* Sharing */,
				8B8477712DC29E9900C6C2A5 /* ErrorKit */,
			);
			productName = PodHaven;
			productReference = 8BD7F9202CF2A49000CEDAA7 /* PodHaven.app */;
			productType = "com.apple.product-type.application";
		};
		8BD7F92F2CF2A49100CEDAA7 /* ParallelTests */ = {
			isa = PBXNativeTarget;
			buildConfigurationList = 8BD7F9472CF2A49100CEDAA7 /* Build configuration list for PBXNativeTarget "ParallelTests" */;
			buildPhases = (
				8BD7F92C2CF2A49100CEDAA7 /* Sources */,
				8BD7F92D2CF2A49100CEDAA7 /* Frameworks */,
				8BD7F92E2CF2A49100CEDAA7 /* Resources */,
			);
			buildRules = (
			);
			dependencies = (
				8BD7F9322CF2A49100CEDAA7 /* PBXTargetDependency */,
			);
			fileSystemSynchronizedGroups = (
				8BD7F9332CF2A49100CEDAA7 /* PodHavenTests */,
			);
			name = ParallelTests;
			packageProductDependencies = (
				8B2AC0462D25D77900DB7FE5 /* XMLCoder */,
			);
			productName = PodHavenTests;
			productReference = 8BD7F9302CF2A49100CEDAA7 /* ParallelTests.xctest */;
			productType = "com.apple.product-type.bundle.unit-test";
		};
/* End PBXNativeTarget section */

/* Begin PBXProject section */
		8BD7F9182CF2A49000CEDAA7 /* Project object */ = {
			isa = PBXProject;
			attributes = {
				BuildIndependentTargetsInParallel = 1;
				LastSwiftUpdateCheck = 1610;
				LastUpgradeCheck = 1630;
				TargetAttributes = {
					8BD7F91F2CF2A49000CEDAA7 = {
						CreatedOnToolsVersion = 16.1;
					};
					8BD7F92F2CF2A49100CEDAA7 = {
						CreatedOnToolsVersion = 16.1;
						TestTargetID = 8BD7F91F2CF2A49000CEDAA7;
					};
				};
			};
			buildConfigurationList = 8BD7F91B2CF2A49000CEDAA7 /* Build configuration list for PBXProject "PodHaven" */;
			developmentRegion = en;
			hasScannedForEncodings = 0;
			knownRegions = (
				en,
				Base,
			);
			mainGroup = 8BD7F9172CF2A49000CEDAA7;
			minimizedProjectReferenceProxies = 1;
			packageReferences = (
				8BD0CF382CF51BD900BD9236 /* XCRemoteSwiftPackageReference "GRDB" */,
				8B2C9E5F2CF59FA800637544 /* XCRemoteSwiftPackageReference "swift-collections" */,
				8B950BDB2D01720500E1D1AF /* XCRemoteSwiftPackageReference "Nuke" */,
				8B14BBE12D0CB37A0007E89B /* XCRemoteSwiftPackageReference "swift-identified-collections" */,
				8BE319E72D0E22D8009F48C9 /* XCRemoteSwiftPackageReference "Semaphore" */,
				5712A9FBAD044D6D9F8BAEBD /* XCRemoteSwiftPackageReference "sentry-cocoa" */,
				8B2AC03B2D25D2F700DB7FE5 /* XCRemoteSwiftPackageReference "XMLCoder" */,
				8B2510D92D3317840033A510 /* XCRemoteSwiftPackageReference "Factory" */,
				8B7DAA1C2D3F1294000E9153 /* XCRemoteSwiftPackageReference "swift-tagged" */,
				8B8477692DC167A200C6C2A5 /* XCRemoteSwiftPackageReference "swift-sharing" */,
				8B8477702DC29E9900C6C2A5 /* XCRemoteSwiftPackageReference "ErrorKit" */,
			);
			preferredProjectObjectVersion = 77;
			productRefGroup = 8BD7F9212CF2A49000CEDAA7 /* Products */;
			projectDirPath = "";
			projectRoot = "";
			targets = (
				8BD7F91F2CF2A49000CEDAA7 /* PodHaven */,
				8BD7F92F2CF2A49100CEDAA7 /* ParallelTests */,
				8B8475C32DC0B87200C6C2A5 /* SerialTests */,
			);
		};
/* End PBXProject section */

/* Begin PBXResourcesBuildPhase section */
		8B8475CC2DC0B87200C6C2A5 /* Resources */ = {
			isa = PBXResourcesBuildPhase;
			buildActionMask = 2147483647;
			files = (
			);
			runOnlyForDeploymentPostprocessing = 0;
		};
		8BD7F91E2CF2A49000CEDAA7 /* Resources */ = {
			isa = PBXResourcesBuildPhase;
			buildActionMask = 2147483647;
			files = (
			);
			runOnlyForDeploymentPostprocessing = 0;
		};
		8BD7F92E2CF2A49100CEDAA7 /* Resources */ = {
			isa = PBXResourcesBuildPhase;
			buildActionMask = 2147483647;
			files = (
			);
			runOnlyForDeploymentPostprocessing = 0;
		};
/* End PBXResourcesBuildPhase section */

/* Begin PBXShellScriptBuildPhase section */
		39E22D98602E4E34B0A8541B /* Upload Debug Symbols to Sentry */ = {
			isa = PBXShellScriptBuildPhase;
			alwaysOutOfDate = 1;
			buildActionMask = 12;
			files = (
			);
			inputPaths = (
				"${DWARF_DSYM_FOLDER_PATH}/${DWARF_DSYM_FILE_NAME}/Contents/Resources/DWARF/${TARGET_NAME}",
			);
			name = "Upload Debug Symbols to Sentry";
			outputPaths = (
			);
			runOnlyForDeploymentPostprocessing = 0;
			shellPath = /bin/sh;
			shellScript = "# This script is responsible to upload debug symbols and source context for Sentry.\nif which sentry-cli >/dev/null; then\nexport SENTRY_ORG=artisanal-software\nexport SENTRY_PROJECT=podhaven\nERROR=$(sentry-cli debug-files upload --include-sources \"$DWARF_DSYM_FOLDER_PATH\" 2>&1 >/dev/null)\nif [ ! $? -eq 0 ]; then\necho \"warning: sentry-cli - $ERROR\"\nfi\nelse\necho \"warning: sentry-cli not installed, download from https://github.com/getsentry/sentry-cli/releases\"\nfi\n";
		};
/* End PBXShellScriptBuildPhase section */

/* Begin PBXSourcesBuildPhase section */
		8B8475C82DC0B87200C6C2A5 /* Sources */ = {
			isa = PBXSourcesBuildPhase;
			buildActionMask = 2147483647;
			files = (
			);
			runOnlyForDeploymentPostprocessing = 0;
		};
		8BD7F91C2CF2A49000CEDAA7 /* Sources */ = {
			isa = PBXSourcesBuildPhase;
			buildActionMask = 2147483647;
			files = (
			);
			runOnlyForDeploymentPostprocessing = 0;
		};
		8BD7F92C2CF2A49100CEDAA7 /* Sources */ = {
			isa = PBXSourcesBuildPhase;
			buildActionMask = 2147483647;
			files = (
			);
			runOnlyForDeploymentPostprocessing = 0;
		};
/* End PBXSourcesBuildPhase section */

/* Begin PBXTargetDependency section */
		8B8475C42DC0B87200C6C2A5 /* PBXTargetDependency */ = {
			isa = PBXTargetDependency;
			target = 8BD7F91F2CF2A49000CEDAA7 /* PodHaven */;
			targetProxy = 8B8475C52DC0B87200C6C2A5 /* PBXContainerItemProxy */;
		};
		8BD7F9322CF2A49100CEDAA7 /* PBXTargetDependency */ = {
			isa = PBXTargetDependency;
			target = 8BD7F91F2CF2A49000CEDAA7 /* PodHaven */;
			targetProxy = 8BD7F9312CF2A49100CEDAA7 /* PBXContainerItemProxy */;
		};
/* End PBXTargetDependency section */

/* Begin XCBuildConfiguration section */
		8B8475CE2DC0B87200C6C2A5 /* Debug */ = {
			isa = XCBuildConfiguration;
			buildSettings = {
				BUNDLE_LOADER = "$(TEST_HOST)";
				CODE_SIGN_STYLE = Automatic;
				CURRENT_PROJECT_VERSION = 1;
				GENERATE_INFOPLIST_FILE = YES;
				IPHONEOS_DEPLOYMENT_TARGET = 18.0;
				MARKETING_VERSION = 1.0;
				PRODUCT_BUNDLE_IDENTIFIER = com.artisanalsoftware.PlayManagerTests;
				PRODUCT_NAME = "$(TARGET_NAME)";
				SUPPORTED_PLATFORMS = "iphoneos iphonesimulator";
				SUPPORTS_MACCATALYST = NO;
				SUPPORTS_XR_DESIGNED_FOR_IPHONE_IPAD = NO;
				SWIFT_EMIT_LOC_STRINGS = NO;
				SWIFT_VERSION = 6.0;
				TARGETED_DEVICE_FAMILY = 1;
				TEST_HOST = "$(BUILT_PRODUCTS_DIR)/PodHaven.app/$(BUNDLE_EXECUTABLE_FOLDER_PATH)/PodHaven";
			};
			name = Debug;
		};
		8B8475CF2DC0B87200C6C2A5 /* Release */ = {
			isa = XCBuildConfiguration;
			buildSettings = {
				BUNDLE_LOADER = "$(TEST_HOST)";
				CODE_SIGN_STYLE = Automatic;
				CURRENT_PROJECT_VERSION = 1;
				GENERATE_INFOPLIST_FILE = YES;
				IPHONEOS_DEPLOYMENT_TARGET = 18.0;
				MARKETING_VERSION = 1.0;
				PRODUCT_BUNDLE_IDENTIFIER = com.artisanalsoftware.PlayManagerTests;
				PRODUCT_NAME = "$(TARGET_NAME)";
				SUPPORTED_PLATFORMS = "iphoneos iphonesimulator";
				SUPPORTS_MACCATALYST = NO;
				SUPPORTS_XR_DESIGNED_FOR_IPHONE_IPAD = NO;
				SWIFT_EMIT_LOC_STRINGS = NO;
				SWIFT_VERSION = 6.0;
				TARGETED_DEVICE_FAMILY = 1;
				TEST_HOST = "$(BUILT_PRODUCTS_DIR)/PodHaven.app/$(BUNDLE_EXECUTABLE_FOLDER_PATH)/PodHaven";
			};
			name = Release;
		};
		8BD7F9422CF2A49100CEDAA7 /* Debug */ = {
			isa = XCBuildConfiguration;
			buildSettings = {
				ALWAYS_SEARCH_USER_PATHS = NO;
				ASSETCATALOG_COMPILER_GENERATE_SWIFT_ASSET_SYMBOL_EXTENSIONS = YES;
				CLANG_ANALYZER_NONNULL = YES;
				CLANG_ANALYZER_NUMBER_OBJECT_CONVERSION = YES_AGGRESSIVE;
				CLANG_CXX_LANGUAGE_STANDARD = "gnu++20";
				CLANG_ENABLE_MODULES = YES;
				CLANG_ENABLE_OBJC_ARC = YES;
				CLANG_ENABLE_OBJC_WEAK = YES;
				CLANG_WARN_BLOCK_CAPTURE_AUTORELEASING = YES;
				CLANG_WARN_BOOL_CONVERSION = YES;
				CLANG_WARN_COMMA = YES;
				CLANG_WARN_CONSTANT_CONVERSION = YES;
				CLANG_WARN_DEPRECATED_OBJC_IMPLEMENTATIONS = YES;
				CLANG_WARN_DIRECT_OBJC_ISA_USAGE = YES_ERROR;
				CLANG_WARN_DOCUMENTATION_COMMENTS = YES;
				CLANG_WARN_EMPTY_BODY = YES;
				CLANG_WARN_ENUM_CONVERSION = YES;
				CLANG_WARN_INFINITE_RECURSION = YES;
				CLANG_WARN_INT_CONVERSION = YES;
				CLANG_WARN_NON_LITERAL_NULL_CONVERSION = YES;
				CLANG_WARN_OBJC_IMPLICIT_RETAIN_SELF = YES;
				CLANG_WARN_OBJC_LITERAL_CONVERSION = YES;
				CLANG_WARN_OBJC_ROOT_CLASS = YES_ERROR;
				CLANG_WARN_QUOTED_INCLUDE_IN_FRAMEWORK_HEADER = YES;
				CLANG_WARN_RANGE_LOOP_ANALYSIS = YES;
				CLANG_WARN_STRICT_PROTOTYPES = YES;
				CLANG_WARN_SUSPICIOUS_MOVE = YES;
				CLANG_WARN_UNGUARDED_AVAILABILITY = YES_AGGRESSIVE;
				CLANG_WARN_UNREACHABLE_CODE = YES;
				CLANG_WARN__DUPLICATE_METHOD_MATCH = YES;
				COPY_PHASE_STRIP = NO;
				DEBUG_INFORMATION_FORMAT = dwarf;
				DEVELOPMENT_TEAM = 34TKMKM889;
				ENABLE_STRICT_OBJC_MSGSEND = YES;
				ENABLE_TESTABILITY = YES;
				ENABLE_USER_SCRIPT_SANDBOXING = YES;
				GCC_C_LANGUAGE_STANDARD = gnu17;
				GCC_DYNAMIC_NO_PIC = NO;
				GCC_NO_COMMON_BLOCKS = YES;
				GCC_OPTIMIZATION_LEVEL = 0;
				GCC_PREPROCESSOR_DEFINITIONS = (
					"DEBUG=1",
					"$(inherited)",
				);
				GCC_WARN_64_TO_32_BIT_CONVERSION = YES;
				GCC_WARN_ABOUT_RETURN_TYPE = YES_ERROR;
				GCC_WARN_UNDECLARED_SELECTOR = YES;
				GCC_WARN_UNINITIALIZED_AUTOS = YES_AGGRESSIVE;
				GCC_WARN_UNUSED_FUNCTION = YES;
				GCC_WARN_UNUSED_VARIABLE = YES;
				INFOPLIST_KEY_UISupportedInterfaceOrientations = "";
				IPHONEOS_DEPLOYMENT_TARGET = 18.0;
				LOCALIZATION_PREFERS_STRING_CATALOGS = YES;
				MTL_ENABLE_DEBUG_INFO = INCLUDE_SOURCE;
				MTL_FAST_MATH = YES;
				ONLY_ACTIVE_ARCH = YES;
				SDKROOT = iphoneos;
				STRIP_INSTALLED_PRODUCT = NO;
				SWIFT_ACTIVE_COMPILATION_CONDITIONS = "DEBUG $(inherited)";
				SWIFT_OPTIMIZATION_LEVEL = "-Onone";
				SWIFT_VERSION = 6.0;
			};
			name = Debug;
		};
		8BD7F9432CF2A49100CEDAA7 /* Release */ = {
			isa = XCBuildConfiguration;
			buildSettings = {
				ALWAYS_SEARCH_USER_PATHS = NO;
				ASSETCATALOG_COMPILER_GENERATE_SWIFT_ASSET_SYMBOL_EXTENSIONS = YES;
				CLANG_ANALYZER_NONNULL = YES;
				CLANG_ANALYZER_NUMBER_OBJECT_CONVERSION = YES_AGGRESSIVE;
				CLANG_CXX_LANGUAGE_STANDARD = "gnu++20";
				CLANG_ENABLE_MODULES = YES;
				CLANG_ENABLE_OBJC_ARC = YES;
				CLANG_ENABLE_OBJC_WEAK = YES;
				CLANG_WARN_BLOCK_CAPTURE_AUTORELEASING = YES;
				CLANG_WARN_BOOL_CONVERSION = YES;
				CLANG_WARN_COMMA = YES;
				CLANG_WARN_CONSTANT_CONVERSION = YES;
				CLANG_WARN_DEPRECATED_OBJC_IMPLEMENTATIONS = YES;
				CLANG_WARN_DIRECT_OBJC_ISA_USAGE = YES_ERROR;
				CLANG_WARN_DOCUMENTATION_COMMENTS = YES;
				CLANG_WARN_EMPTY_BODY = YES;
				CLANG_WARN_ENUM_CONVERSION = YES;
				CLANG_WARN_INFINITE_RECURSION = YES;
				CLANG_WARN_INT_CONVERSION = YES;
				CLANG_WARN_NON_LITERAL_NULL_CONVERSION = YES;
				CLANG_WARN_OBJC_IMPLICIT_RETAIN_SELF = YES;
				CLANG_WARN_OBJC_LITERAL_CONVERSION = YES;
				CLANG_WARN_OBJC_ROOT_CLASS = YES_ERROR;
				CLANG_WARN_QUOTED_INCLUDE_IN_FRAMEWORK_HEADER = YES;
				CLANG_WARN_RANGE_LOOP_ANALYSIS = YES;
				CLANG_WARN_STRICT_PROTOTYPES = YES;
				CLANG_WARN_SUSPICIOUS_MOVE = YES;
				CLANG_WARN_UNGUARDED_AVAILABILITY = YES_AGGRESSIVE;
				CLANG_WARN_UNREACHABLE_CODE = YES;
				CLANG_WARN__DUPLICATE_METHOD_MATCH = YES;
				COPY_PHASE_STRIP = NO;
				DEBUG_INFORMATION_FORMAT = "dwarf-with-dsym";
				DEVELOPMENT_TEAM = 34TKMKM889;
				ENABLE_NS_ASSERTIONS = NO;
				ENABLE_STRICT_OBJC_MSGSEND = YES;
				ENABLE_USER_SCRIPT_SANDBOXING = YES;
				GCC_C_LANGUAGE_STANDARD = gnu17;
				GCC_NO_COMMON_BLOCKS = YES;
				GCC_WARN_64_TO_32_BIT_CONVERSION = YES;
				GCC_WARN_ABOUT_RETURN_TYPE = YES_ERROR;
				GCC_WARN_UNDECLARED_SELECTOR = YES;
				GCC_WARN_UNINITIALIZED_AUTOS = YES_AGGRESSIVE;
				GCC_WARN_UNUSED_FUNCTION = YES;
				GCC_WARN_UNUSED_VARIABLE = YES;
				INFOPLIST_KEY_UISupportedInterfaceOrientations = "";
				IPHONEOS_DEPLOYMENT_TARGET = 18.0;
				LOCALIZATION_PREFERS_STRING_CATALOGS = YES;
				MTL_ENABLE_DEBUG_INFO = NO;
				MTL_FAST_MATH = YES;
				SDKROOT = iphoneos;
				STRIP_INSTALLED_PRODUCT = NO;
				SWIFT_COMPILATION_MODE = wholemodule;
				SWIFT_VERSION = 6.0;
				VALIDATE_PRODUCT = YES;
			};
			name = Release;
		};
		8BD7F9452CF2A49100CEDAA7 /* Debug */ = {
			isa = XCBuildConfiguration;
			buildSettings = {
				ASSETCATALOG_COMPILER_APPICON_NAME = AppIcon;
				ASSETCATALOG_COMPILER_GLOBAL_ACCENT_COLOR_NAME = AccentColor;
				CODE_SIGN_STYLE = Automatic;
				CURRENT_PROJECT_VERSION = 1;
				DEBUG_INFORMATION_FORMAT = dwarf;
				DEVELOPMENT_ASSET_PATHS = "\"PodHaven/Preview Content\"";
				ENABLE_PREVIEWS = YES;
				ENABLE_USER_SCRIPT_SANDBOXING = NO;
				GENERATE_INFOPLIST_FILE = YES;
				INFOPLIST_FILE = PodHaven/Info.plist;
				INFOPLIST_KEY_UIApplicationSceneManifest_Generation = YES;
				INFOPLIST_KEY_UIApplicationSupportsIndirectInputEvents = YES;
				INFOPLIST_KEY_UILaunchScreen_Generation = YES;
				INFOPLIST_KEY_UISupportedInterfaceOrientations = UIInterfaceOrientationPortrait;
				LD_RUNPATH_SEARCH_PATHS = (
					"$(inherited)",
					"@executable_path/Frameworks",
				);
				MARKETING_VERSION = 1.0;
				PRODUCT_BUNDLE_IDENTIFIER = com.artisanalsoftware.PodHaven;
				PRODUCT_NAME = "$(TARGET_NAME)";
				REGISTER_APP_GROUPS = NO;
				STRIP_INSTALLED_PRODUCT = NO;
				SUPPORTED_PLATFORMS = "iphoneos iphonesimulator";
				SUPPORTS_MACCATALYST = NO;
				SUPPORTS_MAC_DESIGNED_FOR_IPHONE_IPAD = YES;
				SUPPORTS_XR_DESIGNED_FOR_IPHONE_IPAD = NO;
				SWIFT_EMIT_LOC_STRINGS = YES;
				SWIFT_VERSION = 6.0;
				TARGETED_DEVICE_FAMILY = 1;
			};
			name = Debug;
		};
		8BD7F9462CF2A49100CEDAA7 /* Release */ = {
			isa = XCBuildConfiguration;
			buildSettings = {
				ASSETCATALOG_COMPILER_APPICON_NAME = AppIcon;
				ASSETCATALOG_COMPILER_GLOBAL_ACCENT_COLOR_NAME = AccentColor;
				CODE_SIGN_STYLE = Automatic;
				CURRENT_PROJECT_VERSION = 1;
				DEBUG_INFORMATION_FORMAT = "dwarf-with-dsym";
				DEVELOPMENT_ASSET_PATHS = "\"PodHaven/Preview Content\"";
				ENABLE_PREVIEWS = YES;
				ENABLE_USER_SCRIPT_SANDBOXING = NO;
				GENERATE_INFOPLIST_FILE = YES;
				INFOPLIST_FILE = PodHaven/Info.plist;
				INFOPLIST_KEY_UIApplicationSceneManifest_Generation = YES;
				INFOPLIST_KEY_UIApplicationSupportsIndirectInputEvents = YES;
				INFOPLIST_KEY_UILaunchScreen_Generation = YES;
				INFOPLIST_KEY_UISupportedInterfaceOrientations = UIInterfaceOrientationPortrait;
				LD_RUNPATH_SEARCH_PATHS = (
					"$(inherited)",
					"@executable_path/Frameworks",
				);
				MARKETING_VERSION = 1.0;
				PRODUCT_BUNDLE_IDENTIFIER = com.artisanalsoftware.PodHaven;
				PRODUCT_NAME = "$(TARGET_NAME)";
				REGISTER_APP_GROUPS = NO;
				STRIP_INSTALLED_PRODUCT = NO;
				SUPPORTED_PLATFORMS = "iphoneos iphonesimulator";
				SUPPORTS_MACCATALYST = NO;
				SUPPORTS_MAC_DESIGNED_FOR_IPHONE_IPAD = YES;
				SUPPORTS_XR_DESIGNED_FOR_IPHONE_IPAD = NO;
				SWIFT_EMIT_LOC_STRINGS = YES;
				SWIFT_VERSION = 6.0;
				TARGETED_DEVICE_FAMILY = 1;
			};
			name = Release;
		};
		8BD7F9482CF2A49100CEDAA7 /* Debug */ = {
			isa = XCBuildConfiguration;
			buildSettings = {
				BUNDLE_LOADER = "$(TEST_HOST)";
				CODE_SIGN_STYLE = Automatic;
				CURRENT_PROJECT_VERSION = 1;
				GENERATE_INFOPLIST_FILE = YES;
				IPHONEOS_DEPLOYMENT_TARGET = 18.0;
				MARKETING_VERSION = 1.0;
				PRODUCT_BUNDLE_IDENTIFIER = com.artisanalsoftware.PodHavenTests;
				PRODUCT_NAME = "$(TARGET_NAME)";
				SUPPORTED_PLATFORMS = "iphoneos iphonesimulator";
				SUPPORTS_MACCATALYST = NO;
				SUPPORTS_XR_DESIGNED_FOR_IPHONE_IPAD = NO;
				SWIFT_EMIT_LOC_STRINGS = NO;
				SWIFT_VERSION = 6.0;
				TARGETED_DEVICE_FAMILY = 1;
				TEST_HOST = "$(BUILT_PRODUCTS_DIR)/PodHaven.app/$(BUNDLE_EXECUTABLE_FOLDER_PATH)/PodHaven";
			};
			name = Debug;
		};
		8BD7F9492CF2A49100CEDAA7 /* Release */ = {
			isa = XCBuildConfiguration;
			buildSettings = {
				BUNDLE_LOADER = "$(TEST_HOST)";
				CODE_SIGN_STYLE = Automatic;
				CURRENT_PROJECT_VERSION = 1;
				GENERATE_INFOPLIST_FILE = YES;
				IPHONEOS_DEPLOYMENT_TARGET = 18.0;
				MARKETING_VERSION = 1.0;
				PRODUCT_BUNDLE_IDENTIFIER = com.artisanalsoftware.PodHavenTests;
				PRODUCT_NAME = "$(TARGET_NAME)";
				SUPPORTED_PLATFORMS = "iphoneos iphonesimulator";
				SUPPORTS_MACCATALYST = NO;
				SUPPORTS_XR_DESIGNED_FOR_IPHONE_IPAD = NO;
				SWIFT_EMIT_LOC_STRINGS = NO;
				SWIFT_VERSION = 6.0;
				TARGETED_DEVICE_FAMILY = 1;
				TEST_HOST = "$(BUILT_PRODUCTS_DIR)/PodHaven.app/$(BUNDLE_EXECUTABLE_FOLDER_PATH)/PodHaven";
			};
			name = Release;
		};
/* End XCBuildConfiguration section */

/* Begin XCConfigurationList section */
		8B8475CD2DC0B87200C6C2A5 /* Build configuration list for PBXNativeTarget "SerialTests" */ = {
			isa = XCConfigurationList;
			buildConfigurations = (
				8B8475CE2DC0B87200C6C2A5 /* Debug */,
				8B8475CF2DC0B87200C6C2A5 /* Release */,
			);
			defaultConfigurationIsVisible = 0;
			defaultConfigurationName = Release;
		};
		8BD7F91B2CF2A49000CEDAA7 /* Build configuration list for PBXProject "PodHaven" */ = {
			isa = XCConfigurationList;
			buildConfigurations = (
				8BD7F9422CF2A49100CEDAA7 /* Debug */,
				8BD7F9432CF2A49100CEDAA7 /* Release */,
			);
			defaultConfigurationIsVisible = 0;
			defaultConfigurationName = Release;
		};
		8BD7F9442CF2A49100CEDAA7 /* Build configuration list for PBXNativeTarget "PodHaven" */ = {
			isa = XCConfigurationList;
			buildConfigurations = (
				8BD7F9452CF2A49100CEDAA7 /* Debug */,
				8BD7F9462CF2A49100CEDAA7 /* Release */,
			);
			defaultConfigurationIsVisible = 0;
			defaultConfigurationName = Release;
		};
		8BD7F9472CF2A49100CEDAA7 /* Build configuration list for PBXNativeTarget "ParallelTests" */ = {
			isa = XCConfigurationList;
			buildConfigurations = (
				8BD7F9482CF2A49100CEDAA7 /* Debug */,
				8BD7F9492CF2A49100CEDAA7 /* Release */,
			);
			defaultConfigurationIsVisible = 0;
			defaultConfigurationName = Release;
		};
/* End XCConfigurationList section */

/* Begin XCRemoteSwiftPackageReference section */
		5712A9FBAD044D6D9F8BAEBD /* XCRemoteSwiftPackageReference "sentry-cocoa" */ = {
			isa = XCRemoteSwiftPackageReference;
			repositoryURL = "https://github.com/getsentry/sentry-cocoa/";
			requirement = {
				kind = upToNextMajorVersion;
				minimumVersion = 8.0.0;
			};
		};
		8B14BBE12D0CB37A0007E89B /* XCRemoteSwiftPackageReference "swift-identified-collections" */ = {
			isa = XCRemoteSwiftPackageReference;
			repositoryURL = "https://github.com/pointfreeco/swift-identified-collections";
			requirement = {
				branch = main;
				kind = branch;
			};
		};
		8B2510D92D3317840033A510 /* XCRemoteSwiftPackageReference "Factory" */ = {
			isa = XCRemoteSwiftPackageReference;
			repositoryURL = "https://github.com/hmlongco/Factory";
			requirement = {
				branch = main;
				kind = branch;
			};
		};
		8B2AC03B2D25D2F700DB7FE5 /* XCRemoteSwiftPackageReference "XMLCoder" */ = {
			isa = XCRemoteSwiftPackageReference;
			repositoryURL = "https://github.com/CoreOffice/XMLCoder";
			requirement = {
				branch = main;
				kind = branch;
			};
		};
		8B2C9E5F2CF59FA800637544 /* XCRemoteSwiftPackageReference "swift-collections" */ = {
			isa = XCRemoteSwiftPackageReference;
			repositoryURL = "https://github.com/apple/swift-collections.git";
			requirement = {
				branch = main;
				kind = branch;
			};
		};
		8B7DAA1C2D3F1294000E9153 /* XCRemoteSwiftPackageReference "swift-tagged" */ = {
			isa = XCRemoteSwiftPackageReference;
			repositoryURL = "https://github.com/pointfreeco/swift-tagged";
			requirement = {
				branch = main;
				kind = branch;
			};
		};
		8B8475C72DC0B87200C6C2A5 /* XCRemoteSwiftPackageReference "XMLCoder" */ = {
			isa = XCRemoteSwiftPackageReference;
			repositoryURL = "https://github.com/CoreOffice/XMLCoder";
			requirement = {
				branch = main;
				kind = branch;
			};
		};
		8B8477692DC167A200C6C2A5 /* XCRemoteSwiftPackageReference "swift-sharing" */ = {
			isa = XCRemoteSwiftPackageReference;
			repositoryURL = "https://github.com/pointfreeco/swift-sharing";
			requirement = {
				branch = main;
				kind = branch;
			};
		};
		8B8477702DC29E9900C6C2A5 /* XCRemoteSwiftPackageReference "ErrorKit" */ = {
			isa = XCRemoteSwiftPackageReference;
			repositoryURL = "https://github.com/FlineDev/ErrorKit";
			requirement = {
				branch = main;
				kind = branch;
			};
		};
		8B950BDB2D01720500E1D1AF /* XCRemoteSwiftPackageReference "Nuke" */ = {
			isa = XCRemoteSwiftPackageReference;
			repositoryURL = "https://github.com/kean/Nuke";
			requirement = {
				branch = main;
				kind = branch;
			};
		};
		8BD0CF382CF51BD900BD9236 /* XCRemoteSwiftPackageReference "GRDB" */ = {
			isa = XCRemoteSwiftPackageReference;
			repositoryURL = "https://github.com/groue/GRDB.swift";
			requirement = {
				branch = master;
				kind = branch;
			};
		};
		8BE319E72D0E22D8009F48C9 /* XCRemoteSwiftPackageReference "Semaphore" */ = {
			isa = XCRemoteSwiftPackageReference;
			repositoryURL = "https://github.com/groue/Semaphore";
			requirement = {
				branch = main;
				kind = branch;
			};
		};
/* End XCRemoteSwiftPackageReference section */

/* Begin XCSwiftPackageProductDependency section */
		49CAAA44B9304A9F8C8FEEC8 /* Sentry */ = {
			isa = XCSwiftPackageProductDependency;
			package = 5712A9FBAD044D6D9F8BAEBD /* XCRemoteSwiftPackageReference "sentry-cocoa" */;
			productName = Sentry;
		};
		8B05D8FB2CF51C0B003AA19D /* GRDB */ = {
			isa = XCSwiftPackageProductDependency;
			package = 8BD0CF382CF51BD900BD9236 /* XCRemoteSwiftPackageReference "GRDB" */;
			productName = GRDB;
		};
		8B14BBE22D0CB37A0007E89B /* IdentifiedCollections */ = {
			isa = XCSwiftPackageProductDependency;
			package = 8B14BBE12D0CB37A0007E89B /* XCRemoteSwiftPackageReference "swift-identified-collections" */;
			productName = IdentifiedCollections;
		};
		8B2510DA2D3317840033A510 /* Factory */ = {
			isa = XCSwiftPackageProductDependency;
			package = 8B2510D92D3317840033A510 /* XCRemoteSwiftPackageReference "Factory" */;
			productName = Factory;
		};
		8B2AC03C2D25D2F700DB7FE5 /* XMLCoder */ = {
			isa = XCSwiftPackageProductDependency;
			package = 8B2AC03B2D25D2F700DB7FE5 /* XCRemoteSwiftPackageReference "XMLCoder" */;
			productName = XMLCoder;
		};
		8B2AC0462D25D77900DB7FE5 /* XMLCoder */ = {
			isa = XCSwiftPackageProductDependency;
			package = 8B2AC03B2D25D2F700DB7FE5 /* XCRemoteSwiftPackageReference "XMLCoder" */;
			productName = XMLCoder;
		};
		8B7DAA1D2D3F1294000E9153 /* Tagged */ = {
			isa = XCSwiftPackageProductDependency;
			package = 8B7DAA1C2D3F1294000E9153 /* XCRemoteSwiftPackageReference "swift-tagged" */;
			productName = Tagged;
		};
		8B8475C62DC0B87200C6C2A5 /* XMLCoder */ = {
			isa = XCSwiftPackageProductDependency;
			package = 8B8475C72DC0B87200C6C2A5 /* XCRemoteSwiftPackageReference "XMLCoder" */;
			productName = XMLCoder;
		};
		8B84776A2DC167A200C6C2A5 /* Sharing */ = {
			isa = XCSwiftPackageProductDependency;
			package = 8B8477692DC167A200C6C2A5 /* XCRemoteSwiftPackageReference "swift-sharing" */;
			productName = Sharing;
		};
		8B8477712DC29E9900C6C2A5 /* ErrorKit */ = {
			isa = XCSwiftPackageProductDependency;
			package = 8B8477702DC29E9900C6C2A5 /* XCRemoteSwiftPackageReference "ErrorKit" */;
			productName = ErrorKit;
		};
		8B9E8DEE2D01722E00742C6C /* Nuke */ = {
			isa = XCSwiftPackageProductDependency;
			package = 8B950BDB2D01720500E1D1AF /* XCRemoteSwiftPackageReference "Nuke" */;
			productName = Nuke;
		};
		8B9E8DF02D01722E00742C6C /* NukeUI */ = {
			isa = XCSwiftPackageProductDependency;
			package = 8B950BDB2D01720500E1D1AF /* XCRemoteSwiftPackageReference "Nuke" */;
			productName = NukeUI;
		};
		8BD0C2342CF5A01C00B7DC07 /* OrderedCollections */ = {
			isa = XCSwiftPackageProductDependency;
			package = 8B2C9E5F2CF59FA800637544 /* XCRemoteSwiftPackageReference "swift-collections" */;
			productName = OrderedCollections;
		};
		8BE319E82D0E22D8009F48C9 /* Semaphore */ = {
			isa = XCSwiftPackageProductDependency;
			package = 8BE319E72D0E22D8009F48C9 /* XCRemoteSwiftPackageReference "Semaphore" */;
			productName = Semaphore;
		};
/* End XCSwiftPackageProductDependency section */
	};
	rootObject = 8BD7F9182CF2A49000CEDAA7 /* Project object */;
}
