{
  "originHash" : "a75da6c8dcae5a14ef47287f25f11444d907d16b8081568f5eae855e384eb3b1",
  "pins" : [
    {
      "identity" : "factory",
      "kind" : "remoteSourceControl",
      "location" : "https://github.com/hmlongco/Factory",
      "state" : {
        "branch" : "main",
        "revision" : "c8110886836ab4dd1136dbac0c04f0f36cd68540"
      }
    },
    {
      "identity" : "grdb.swift",
      "kind" : "remoteSourceControl",
      "location" : "https://github.com/groue/GRDB.swift",
      "state" : {
        "branch" : "master",
        "revision" : "04e73c26c4ce8218ab85aaf791942bb0b204f330"
      }
    },
    {
      "identity" : "nuke",
      "kind" : "remoteSourceControl",
      "location" : "https://github.com/kean/Nuke",
      "state" : {
        "branch" : "main",
        "revision" : "c7ba4833b1b38f09e9708858aeaf91babc69f65c"
      }
    },
    {
      "identity" : "semaphore",
      "kind" : "remoteSourceControl",
      "location" : "https://github.com/groue/Semaphore",
      "state" : {
        "branch" : "main",
        "revision" : "2543679282aa6f6c8ecf2138acd613ed20790bc2"
      }
    },
    {
      "identity" : "sentry-cocoa",
      "kind" : "remoteSourceControl",
      "location" : "https://github.com/getsentry/sentry-cocoa/",
      "state" : {
        "revision" : "2c6c1b81d9f6e6178064b4e9b457abe1c118bcda",
        "version" : "8.49.0"
      }
    },
    {
      "identity" : "swift-collections",
      "kind" : "remoteSourceControl",
      "location" : "https://github.com/apple/swift-collections.git",
      "state" : {
        "branch" : "main",
        "revision" : "78b544fbe20995ef5310337a86917c7ec40c863a"
      }
    },
    {
      "identity" : "swift-identified-collections",
      "kind" : "remoteSourceControl",
      "location" : "https://github.com/pointfreeco/swift-identified-collections",
      "state" : {
        "branch" : "main",
        "revision" : "322d9ffeeba85c9f7c4984b39422ec7cc3c56597"
      }
    },
    {
      "identity" : "swift-tagged",
      "kind" : "remoteSourceControl",
      "location" : "https://github.com/pointfreeco/swift-tagged",
      "state" : {
        "branch" : "main",
        "revision" : "7061233809f745e2ba6c3e8c6f984a8f36257226"
      }
    },
    {
      "identity" : "xmlcoder",
      "kind" : "remoteSourceControl",
      "location" : "https://github.com/CoreOffice/XMLCoder",
      "state" : {
        "branch" : "main",
        "revision" : "efda1cc8e0a97d198b6d16d53ff73751bd93f801"
      }
    }
  ],
  "version" : 3
}
